
Microsoft Visual Studio Solution File, Format Version 12.00
# Visual Studio 15
VisualStudioVersion = 15.0.26730.16
MinimumVisualStudioVersion = 10.0.40219.1
Project("{FAE04EC0-301F-11D3-BF4B-00C04F79EFBC}") = "llParser", "llParser\llParser.csproj", "{9F51048D-DE60-4B92-A168-C651D9F61B3E}"
EndProject
Project("{FAE04EC0-301F-11D3-BF4B-00C04F79EFBC}") = "ll2c", "ll2c\ll2c.csproj", "{2E2FF951-CB02-4C42-80AD-9E902F57A0EA}"
EndProject
Global
	GlobalSection(SolutionConfigurationPlatforms) = preSolution
		Debug|Any CPU = Debug|Any CPU
		Release|Any CPU = Release|Any CPU
	EndGlobalSection
	GlobalSection(ProjectConfigurationPlatforms) = postSolution
		{9F51048D-DE60-4B92-A168-C651D9F61B3E}.Debug|Any CPU.ActiveCfg = Debug|Any CPU
		{9F51048D-DE60-4B92-A168-C651D9F61B3E}.Debug|Any CPU.Build.0 = Debug|Any CPU
		{9F51048D-DE60-4B92-A168-C651D9F61B3E}.Release|Any CPU.ActiveCfg = Release|Any CPU
		{9F51048D-DE60-4B92-A168-C651D9F61B3E}.Release|Any CPU.Build.0 = Release|Any CPU
		{2E2FF951-CB02-4C42-80AD-9E902F57A0EA}.Debug|Any CPU.ActiveCfg = Debug|Any CPU
		{2E2FF951-CB02-4C42-80AD-9E902F57A0EA}.Debug|Any CPU.Build.0 = Debug|Any CPU
		{2E2FF951-CB02-4C42-80AD-9E902F57A0EA}.Release|Any CPU.ActiveCfg = Release|Any CPU
		{2E2FF951-CB02-4C42-80AD-9E902F57A0EA}.Release|Any CPU.Build.0 = Release|Any CPU
	EndGlobalSection
	GlobalSection(SolutionProperties) = preSolution
		HideSolutionNode = FALSE
	EndGlobalSection
	GlobalSection(ExtensibilityGlobals) = postSolution
		SolutionGuid = {7D040B68-32AC-435B-89A8-83FFD14E0B77}
	EndGlobalSection
EndGlobal
